
Microsoft Visual Studio Solution File, Format Version 12.00
# Visual Studio 15
VisualStudioVersion = 15.0.28307.572
MinimumVisualStudioVersion = 10.0.40219.1
Project("{FAE04EC0-301F-11D3-BF4B-00C04F79EFBC}") = "View", "View\View.csproj", "{2666C6B8-2C8D-4CB9-BF94-1E49C32D4695}"
EndProject
Project("{FAE04EC0-301F-11D3-BF4B-00C04F79EFBC}") = "Model", "Model\Model.csproj", "{B7DEE4F2-2AE0-4145-9604-8E1EADC1E1D7}"
EndProject
Project("{FAE04EC0-301F-11D3-BF4B-00C04F79EFBC}") = "DataLayer", "DataLayer\DataLayer.csproj", "{8809104C-1B12-4DB5-A98C-633CA90364BE}"
EndProject
Project("{FAE04EC0-301F-11D3-BF4B-00C04F79EFBC}") = "Common", "Common\Common.csproj", "{692B952F-0162-4CB8-9CEF-68651982299A}"
EndProject
Global
	GlobalSection(SolutionConfigurationPlatforms) = preSolution
		Debug|Any CPU = Debug|Any CPU
		Release|Any CPU = Release|Any CPU
	EndGlobalSection
	GlobalSection(ProjectConfigurationPlatforms) = postSolution
		{2666C6B8-2C8D-4CB9-BF94-1E49C32D4695}.Debug|Any CPU.ActiveCfg = Debug|Any CPU
		{2666C6B8-2C8D-4CB9-BF94-1E49C32D4695}.Debug|Any CPU.Build.0 = Debug|Any CPU
		{2666C6B8-2C8D-4CB9-BF94-1E49C32D4695}.Release|Any CPU.ActiveCfg = Release|Any CPU
		{2666C6B8-2C8D-4CB9-BF94-1E49C32D4695}.Release|Any CPU.Build.0 = Release|Any CPU
		{B7DEE4F2-2AE0-4145-9604-8E1EADC1E1D7}.Debug|Any CPU.ActiveCfg = Debug|Any CPU
		{B7DEE4F2-2AE0-4145-9604-8E1EADC1E1D7}.Debug|Any CPU.Build.0 = Debug|Any CPU
		{B7DEE4F2-2AE0-4145-9604-8E1EADC1E1D7}.Release|Any CPU.ActiveCfg = Release|Any CPU
		{B7DEE4F2-2AE0-4145-9604-8E1EADC1E1D7}.Release|Any CPU.Build.0 = Release|Any CPU
		{8809104C-1B12-4DB5-A98C-633CA90364BE}.Debug|Any CPU.ActiveCfg = Debug|Any CPU
		{8809104C-1B12-4DB5-A98C-633CA90364BE}.Debug|Any CPU.Build.0 = Debug|Any CPU
		{8809104C-1B12-4DB5-A98C-633CA90364BE}.Release|Any CPU.ActiveCfg = Release|Any CPU
		{8809104C-1B12-4DB5-A98C-633CA90364BE}.Release|Any CPU.Build.0 = Release|Any CPU
		{692B952F-0162-4CB8-9CEF-68651982299A}.Debug|Any CPU.ActiveCfg = Debug|Any CPU
		{692B952F-0162-4CB8-9CEF-68651982299A}.Debug|Any CPU.Build.0 = Debug|Any CPU
		{692B952F-0162-4CB8-9CEF-68651982299A}.Release|Any CPU.ActiveCfg = Release|Any CPU
		{692B952F-0162-4CB8-9CEF-68651982299A}.Release|Any CPU.Build.0 = Release|Any CPU
	EndGlobalSection
	GlobalSection(SolutionProperties) = preSolution
		HideSolutionNode = FALSE
	EndGlobalSection
	GlobalSection(ExtensibilityGlobals) = postSolution
		SolutionGuid = {7D8B6BE1-AE2E-49F9-A171-ECC99F916075}
	EndGlobalSection
EndGlobal
